// !$*UTF8*$!
{
	archiveVersion = 1;
	classes = {
	};
	objectVersion = 46;
	objects = {

/* Begin PBXBuildFile section */
		2D1BC0B91EF6728A0036EB3E /* DataService.swift in Sources */ = {isa = PBXBuildFile; fileRef = 2D1BC0B81EF6728A0036EB3E /* DataService.swift */; };
		2D29453B1EF3FD87007B5ADD /* CircleView.swift in Sources */ = {isa = PBXBuildFile; fileRef = 2D29453A1EF3FD87007B5ADD /* CircleView.swift */; };
		2D29453D1EF50A34007B5ADD /* PostCell.swift in Sources */ = {isa = PBXBuildFile; fileRef = 2D29453C1EF50A34007B5ADD /* PostCell.swift */; };
		2D3C2D9E1EF3BCB500A9D783 /* FeedVC.swift in Sources */ = {isa = PBXBuildFile; fileRef = 2D3C2D9D1EF3BCB500A9D783 /* FeedVC.swift */; };
		2DC5751E1EF1A54E00A1ADCD /* AppDelegate.swift in Sources */ = {isa = PBXBuildFile; fileRef = 2DC5751D1EF1A54E00A1ADCD /* AppDelegate.swift */; };
		2DC575201EF1A54E00A1ADCD /* SignInVC.swift in Sources */ = {isa = PBXBuildFile; fileRef = 2DC5751F1EF1A54E00A1ADCD /* SignInVC.swift */; };
		2DC575231EF1A54E00A1ADCD /* Main.storyboard in Resources */ = {isa = PBXBuildFile; fileRef = 2DC575211EF1A54E00A1ADCD /* Main.storyboard */; };
		2DC575251EF1A54E00A1ADCD /* Assets.xcassets in Resources */ = {isa = PBXBuildFile; fileRef = 2DC575241EF1A54E00A1ADCD /* Assets.xcassets */; };
		2DC575281EF1A54E00A1ADCD /* LaunchScreen.storyboard in Resources */ = {isa = PBXBuildFile; fileRef = 2DC575261EF1A54E00A1ADCD /* LaunchScreen.storyboard */; };
		2DC575351EF1B50600A1ADCD /* blue-107705.jpg in Resources */ = {isa = PBXBuildFile; fileRef = 2DC575341EF1B50600A1ADCD /* blue-107705.jpg */; };
		2DC575371EF1BC6D00A1ADCD /* FancyView.swift in Sources */ = {isa = PBXBuildFile; fileRef = 2DC575361EF1BC6D00A1ADCD /* FancyView.swift */; };
		2DC5753A1EF1BD0A00A1ADCD /* Constants.swift in Sources */ = {isa = PBXBuildFile; fileRef = 2DC575391EF1BD0A00A1ADCD /* Constants.swift */; };
		2DC5753C1EF286EC00A1ADCD /* RoundBtn.swift in Sources */ = {isa = PBXBuildFile; fileRef = 2DC5753B1EF286EC00A1ADCD /* RoundBtn.swift */; };
		2DC5753E1EF28BA800A1ADCD /* FancyField.swift in Sources */ = {isa = PBXBuildFile; fileRef = 2DC5753D1EF28BA800A1ADCD /* FancyField.swift */; };
		2DC575401EF292FB00A1ADCD /* FancyBtn.swift in Sources */ = {isa = PBXBuildFile; fileRef = 2DC5753F1EF292FB00A1ADCD /* FancyBtn.swift */; };
		2DC575421EF2C77D00A1ADCD /* GoogleService-Info.plist in Resources */ = {isa = PBXBuildFile; fileRef = 2DC575411EF2C77D00A1ADCD /* GoogleService-Info.plist */; };
		37E6684B44895B2939554FC8 /* Pods_firstSocialMediaApp.framework in Frameworks */ = {isa = PBXBuildFile; fileRef = 4F5CA5FC44AA942904512BF7 /* Pods_firstSocialMediaApp.framework */; };
/* End PBXBuildFile section */

/* Begin PBXFileReference section */
		2D1BC0B81EF6728A0036EB3E /* DataService.swift */ = {isa = PBXFileReference; fileEncoding = 4; lastKnownFileType = sourcecode.swift; path = DataService.swift; sourceTree = "<group>"; };
		2D29453A1EF3FD87007B5ADD /* CircleView.swift */ = {isa = PBXFileReference; fileEncoding = 4; lastKnownFileType = sourcecode.swift; path = CircleView.swift; sourceTree = "<group>"; };
		2D29453C1EF50A34007B5ADD /* PostCell.swift */ = {isa = PBXFileReference; fileEncoding = 4; lastKnownFileType = sourcecode.swift; path = PostCell.swift; sourceTree = "<group>"; };
		2D3C2D9D1EF3BCB500A9D783 /* FeedVC.swift */ = {isa = PBXFileReference; fileEncoding = 4; lastKnownFileType = sourcecode.swift; path = FeedVC.swift; sourceTree = "<group>"; };
		2D592C4F1EF2CB1E00332A36 /* firstSocialMediaApp.entitlements */ = {isa = PBXFileReference; lastKnownFileType = text.plist.entitlements; path = firstSocialMediaApp.entitlements; sourceTree = "<group>"; };
		2DC5751A1EF1A54D00A1ADCD /* firstSocialMediaApp.app */ = {isa = PBXFileReference; explicitFileType = wrapper.application; includeInIndex = 0; path = firstSocialMediaApp.app; sourceTree = BUILT_PRODUCTS_DIR; };
		2DC5751D1EF1A54E00A1ADCD /* AppDelegate.swift */ = {isa = PBXFileReference; lastKnownFileType = sourcecode.swift; path = AppDelegate.swift; sourceTree = "<group>"; };
		2DC5751F1EF1A54E00A1ADCD /* SignInVC.swift */ = {isa = PBXFileReference; lastKnownFileType = sourcecode.swift; path = SignInVC.swift; sourceTree = "<group>"; };
		2DC575221EF1A54E00A1ADCD /* Base */ = {isa = PBXFileReference; lastKnownFileType = file.storyboard; name = Base; path = Base.lproj/Main.storyboard; sourceTree = "<group>"; };
		2DC575241EF1A54E00A1ADCD /* Assets.xcassets */ = {isa = PBXFileReference; lastKnownFileType = folder.assetcatalog; path = Assets.xcassets; sourceTree = "<group>"; };
		2DC575271EF1A54E00A1ADCD /* Base */ = {isa = PBXFileReference; lastKnownFileType = file.storyboard; name = Base; path = Base.lproj/LaunchScreen.storyboard; sourceTree = "<group>"; };
		2DC575291EF1A54E00A1ADCD /* Info.plist */ = {isa = PBXFileReference; lastKnownFileType = text.plist.xml; path = Info.plist; sourceTree = "<group>"; };
		2DC575341EF1B50600A1ADCD /* blue-107705.jpg */ = {isa = PBXFileReference; lastKnownFileType = image.jpeg; path = "blue-107705.jpg"; sourceTree = "<group>"; };
		2DC575361EF1BC6D00A1ADCD /* FancyView.swift */ = {isa = PBXFileReference; fileEncoding = 4; lastKnownFileType = sourcecode.swift; path = FancyView.swift; sourceTree = "<group>"; };
		2DC575391EF1BD0A00A1ADCD /* Constants.swift */ = {isa = PBXFileReference; fileEncoding = 4; lastKnownFileType = sourcecode.swift; path = Constants.swift; sourceTree = "<group>"; };
		2DC5753B1EF286EC00A1ADCD /* RoundBtn.swift */ = {isa = PBXFileReference; fileEncoding = 4; lastKnownFileType = sourcecode.swift; path = RoundBtn.swift; sourceTree = "<group>"; };
		2DC5753D1EF28BA800A1ADCD /* FancyField.swift */ = {isa = PBXFileReference; fileEncoding = 4; lastKnownFileType = sourcecode.swift; path = FancyField.swift; sourceTree = "<group>"; };
		2DC5753F1EF292FB00A1ADCD /* FancyBtn.swift */ = {isa = PBXFileReference; fileEncoding = 4; lastKnownFileType = sourcecode.swift; path = FancyBtn.swift; sourceTree = "<group>"; };
		2DC575411EF2C77D00A1ADCD /* GoogleService-Info.plist */ = {isa = PBXFileReference; fileEncoding = 4; lastKnownFileType = text.plist.xml; path = "GoogleService-Info.plist"; sourceTree = "<group>"; };
		4F5CA5FC44AA942904512BF7 /* Pods_firstSocialMediaApp.framework */ = {isa = PBXFileReference; explicitFileType = wrapper.framework; includeInIndex = 0; path = Pods_firstSocialMediaApp.framework; sourceTree = BUILT_PRODUCTS_DIR; };
		59BB9033FDF1EA427731C306 /* Pods-firstSocialMediaApp.release.xcconfig */ = {isa = PBXFileReference; includeInIndex = 1; lastKnownFileType = text.xcconfig; name = "Pods-firstSocialMediaApp.release.xcconfig"; path = "Pods/Target Support Files/Pods-firstSocialMediaApp/Pods-firstSocialMediaApp.release.xcconfig"; sourceTree = "<group>"; };
		DD47DB7CBF8FAA78741BD3C3 /* Pods-firstSocialMediaApp.debug.xcconfig */ = {isa = PBXFileReference; includeInIndex = 1; lastKnownFileType = text.xcconfig; name = "Pods-firstSocialMediaApp.debug.xcconfig"; path = "Pods/Target Support Files/Pods-firstSocialMediaApp/Pods-firstSocialMediaApp.debug.xcconfig"; sourceTree = "<group>"; };
/* End PBXFileReference section */

/* Begin PBXFrameworksBuildPhase section */
		2DC575171EF1A54D00A1ADCD /* Frameworks */ = {
			isa = PBXFrameworksBuildPhase;
			buildActionMask = 2147483647;
			files = (
				37E6684B44895B2939554FC8 /* Pods_firstSocialMediaApp.framework in Frameworks */,
			);
			runOnlyForDeploymentPostprocessing = 0;
		};
/* End PBXFrameworksBuildPhase section */

/* Begin PBXGroup section */
		01C0F7903199787FDED6115C /* Pods */ = {
			isa = PBXGroup;
			children = (
				DD47DB7CBF8FAA78741BD3C3 /* Pods-firstSocialMediaApp.debug.xcconfig */,
				59BB9033FDF1EA427731C306 /* Pods-firstSocialMediaApp.release.xcconfig */,
			);
			name = Pods;
			sourceTree = "<group>";
		};
		2D1BC0B71EF672710036EB3E /* Services */ = {
			isa = PBXGroup;
			children = (
				2D1BC0B81EF6728A0036EB3E /* DataService.swift */,
			);
			name = Services;
			sourceTree = "<group>";
		};
		2DC575111EF1A54D00A1ADCD = {
			isa = PBXGroup;
			children = (
				2DC5751C1EF1A54D00A1ADCD /* firstSocialMediaApp */,
				2DC5751B1EF1A54D00A1ADCD /* Products */,
				01C0F7903199787FDED6115C /* Pods */,
				675EB33BB1644C4CDE7281A5 /* Frameworks */,
			);
			sourceTree = "<group>";
		};
		2DC5751B1EF1A54D00A1ADCD /* Products */ = {
			isa = PBXGroup;
			children = (
				2DC5751A1EF1A54D00A1ADCD /* firstSocialMediaApp.app */,
			);
			name = Products;
			sourceTree = "<group>";
		};
		2DC5751C1EF1A54D00A1ADCD /* firstSocialMediaApp */ = {
			isa = PBXGroup;
			children = (
				2D1BC0B71EF672710036EB3E /* Services */,
				2D592C4F1EF2CB1E00332A36 /* firstSocialMediaApp.entitlements */,
				2DC575381EF1BCF800A1ADCD /* util */,
				2DC575331EF1AB2200A1ADCD /* Controller */,
				2DC575321EF1AB1C00A1ADCD /* View */,
				2DC575311EF1AB1600A1ADCD /* Model */,
				2DC5751D1EF1A54E00A1ADCD /* AppDelegate.swift */,
				2DC575211EF1A54E00A1ADCD /* Main.storyboard */,
				2DC575241EF1A54E00A1ADCD /* Assets.xcassets */,
				2DC575261EF1A54E00A1ADCD /* LaunchScreen.storyboard */,
				2DC575341EF1B50600A1ADCD /* blue-107705.jpg */,
				2DC575291EF1A54E00A1ADCD /* Info.plist */,
				2DC575411EF2C77D00A1ADCD /* GoogleService-Info.plist */,
			);
			path = firstSocialMediaApp;
			sourceTree = "<group>";
		};
		2DC575311EF1AB1600A1ADCD /* Model */ = {
			isa = PBXGroup;
			children = (
			);
			name = Model;
			sourceTree = "<group>";
		};
		2DC575321EF1AB1C00A1ADCD /* View */ = {
			isa = PBXGroup;
			children = (
				2DC575361EF1BC6D00A1ADCD /* FancyView.swift */,
				2DC5753B1EF286EC00A1ADCD /* RoundBtn.swift */,
				2DC5753D1EF28BA800A1ADCD /* FancyField.swift */,
				2DC5753F1EF292FB00A1ADCD /* FancyBtn.swift */,
				2D29453A1EF3FD87007B5ADD /* CircleView.swift */,
				2D29453C1EF50A34007B5ADD /* PostCell.swift */,
			);
			name = View;
			sourceTree = "<group>";
		};
		2DC575331EF1AB2200A1ADCD /* Controller */ = {
			isa = PBXGroup;
			children = (
				2DC5751F1EF1A54E00A1ADCD /* SignInVC.swift */,
				2D3C2D9D1EF3BCB500A9D783 /* FeedVC.swift */,
			);
			name = Controller;
			sourceTree = "<group>";
		};
		2DC575381EF1BCF800A1ADCD /* util */ = {
			isa = PBXGroup;
			children = (
				2DC575391EF1BD0A00A1ADCD /* Constants.swift */,
			);
			name = util;
			sourceTree = "<group>";
		};
		675EB33BB1644C4CDE7281A5 /* Frameworks */ = {
			isa = PBXGroup;
			children = (
				4F5CA5FC44AA942904512BF7 /* Pods_firstSocialMediaApp.framework */,
			);
			name = Frameworks;
			sourceTree = "<group>";
		};
/* End PBXGroup section */

/* Begin PBXNativeTarget section */
		2DC575191EF1A54D00A1ADCD /* firstSocialMediaApp */ = {
			isa = PBXNativeTarget;
			buildConfigurationList = 2DC5752C1EF1A54E00A1ADCD /* Build configuration list for PBXNativeTarget "firstSocialMediaApp" */;
			buildPhases = (
				CA68CD92C363378217AF5640 /* [CP] Check Pods Manifest.lock */,
				2DC575161EF1A54D00A1ADCD /* Sources */,
				2DC575171EF1A54D00A1ADCD /* Frameworks */,
				2DC575181EF1A54D00A1ADCD /* Resources */,
				2880D2C92876970359D32140 /* [CP] Embed Pods Frameworks */,
				66E20772A4D6EB15F370C78E /* [CP] Copy Pods Resources */,
			);
			buildRules = (
			);
			dependencies = (
			);
			name = firstSocialMediaApp;
			productName = firstSocialMediaApp;
			productReference = 2DC5751A1EF1A54D00A1ADCD /* firstSocialMediaApp.app */;
			productType = "com.apple.product-type.application";
		};
/* End PBXNativeTarget section */

/* Begin PBXProject section */
		2DC575121EF1A54D00A1ADCD /* Project object */ = {
			isa = PBXProject;
			attributes = {
				LastSwiftUpdateCheck = 0830;
				LastUpgradeCheck = 0830;
				ORGANIZATIONNAME = "Raphael Reiter";
				TargetAttributes = {
					2DC575191EF1A54D00A1ADCD = {
						CreatedOnToolsVersion = 8.3.3;
						DevelopmentTeam = 52RFM53WD8;
						ProvisioningStyle = Automatic;
						SystemCapabilities = {
							com.apple.Keychain = {
								enabled = 1;
							};
						};
					};
				};
			};
			buildConfigurationList = 2DC575151EF1A54D00A1ADCD /* Build configuration list for PBXProject "firstSocialMediaApp" */;
			compatibilityVersion = "Xcode 3.2";
			developmentRegion = English;
			hasScannedForEncodings = 0;
			knownRegions = (
				en,
				Base,
			);
			mainGroup = 2DC575111EF1A54D00A1ADCD;
			productRefGroup = 2DC5751B1EF1A54D00A1ADCD /* Products */;
			projectDirPath = "";
			projectRoot = "";
			targets = (
				2DC575191EF1A54D00A1ADCD /* firstSocialMediaApp */,
			);
		};
/* End PBXProject section */

/* Begin PBXResourcesBuildPhase section */
		2DC575181EF1A54D00A1ADCD /* Resources */ = {
			isa = PBXResourcesBuildPhase;
			buildActionMask = 2147483647;
			files = (
				2DC575281EF1A54E00A1ADCD /* LaunchScreen.storyboard in Resources */,
				2DC575421EF2C77D00A1ADCD /* GoogleService-Info.plist in Resources */,
				2DC575351EF1B50600A1ADCD /* blue-107705.jpg in Resources */,
				2DC575251EF1A54E00A1ADCD /* Assets.xcassets in Resources */,
				2DC575231EF1A54E00A1ADCD /* Main.storyboard in Resources */,
			);
			runOnlyForDeploymentPostprocessing = 0;
		};
/* End PBXResourcesBuildPhase section */

/* Begin PBXShellScriptBuildPhase section */
		2880D2C92876970359D32140 /* [CP] Embed Pods Frameworks */ = {
			isa = PBXShellScriptBuildPhase;
			buildActionMask = 2147483647;
			files = (
			);
			inputPaths = (
			);
			name = "[CP] Embed Pods Frameworks";
			outputPaths = (
			);
			runOnlyForDeploymentPostprocessing = 0;
			shellPath = /bin/sh;
			shellScript = "\"${SRCROOT}/Pods/Target Support Files/Pods-firstSocialMediaApp/Pods-firstSocialMediaApp-frameworks.sh\"\n";
			showEnvVarsInLog = 0;
		};
		66E20772A4D6EB15F370C78E /* [CP] Copy Pods Resources */ = {
			isa = PBXShellScriptBuildPhase;
			buildActionMask = 2147483647;
			files = (
			);
			inputPaths = (
			);
			name = "[CP] Copy Pods Resources";
			outputPaths = (
			);
			runOnlyForDeploymentPostprocessing = 0;
			shellPath = /bin/sh;
			shellScript = "\"${SRCROOT}/Pods/Target Support Files/Pods-firstSocialMediaApp/Pods-firstSocialMediaApp-resources.sh\"\n";
			showEnvVarsInLog = 0;
		};
		CA68CD92C363378217AF5640 /* [CP] Check Pods Manifest.lock */ = {
			isa = PBXShellScriptBuildPhase;
			buildActionMask = 2147483647;
			files = (
			);
			inputPaths = (
			);
			name = "[CP] Check Pods Manifest.lock";
			outputPaths = (
			);
			runOnlyForDeploymentPostprocessing = 0;
			shellPath = /bin/sh;
			shellScript = "diff \"${PODS_PODFILE_DIR_PATH}/Podfile.lock\" \"${PODS_ROOT}/Manifest.lock\" > /dev/null\nif [ $? != 0 ] ; then\n    # print error to STDERR\n    echo \"error: The sandbox is not in sync with the Podfile.lock. Run 'pod install' or update your CocoaPods installation.\" >&2\n    exit 1\nfi\n";
			showEnvVarsInLog = 0;
		};
/* End PBXShellScriptBuildPhase section */

/* Begin PBXSourcesBuildPhase section */
		2DC575161EF1A54D00A1ADCD /* Sources */ = {
			isa = PBXSourcesBuildPhase;
			buildActionMask = 2147483647;
			files = (
				2D29453B1EF3FD87007B5ADD /* CircleView.swift in Sources */,
				2DC5753E1EF28BA800A1ADCD /* FancyField.swift in Sources */,
				2DC575201EF1A54E00A1ADCD /* SignInVC.swift in Sources */,
				2DC5753C1EF286EC00A1ADCD /* RoundBtn.swift in Sources */,
				2DC5751E1EF1A54E00A1ADCD /* AppDelegate.swift in Sources */,
				2D1BC0B91EF6728A0036EB3E /* DataService.swift in Sources */,
				2D3C2D9E1EF3BCB500A9D783 /* FeedVC.swift in Sources */,
				2DC575371EF1BC6D00A1ADCD /* FancyView.swift in Sources */,
				2DC5753A1EF1BD0A00A1ADCD /* Constants.swift in Sources */,
				2DC575401EF292FB00A1ADCD /* FancyBtn.swift in Sources */,
				2D29453D1EF50A34007B5ADD /* PostCell.swift in Sources */,
			);
			runOnlyForDeploymentPostprocessing = 0;
		};
/* End PBXSourcesBuildPhase section */

/* Begin PBXVariantGroup section */
		2DC575211EF1A54E00A1ADCD /* Main.storyboard */ = {
			isa = PBXVariantGroup;
			children = (
				2DC575221EF1A54E00A1ADCD /* Base */,
			);
			name = Main.storyboard;
			sourceTree = "<group>";
		};
		2DC575261EF1A54E00A1ADCD /* LaunchScreen.storyboard */ = {
			isa = PBXVariantGroup;
			children = (
				2DC575271EF1A54E00A1ADCD /* Base */,
			);
			name = LaunchScreen.storyboard;
			sourceTree = "<group>";
		};
/* End PBXVariantGroup section */

/* Begin XCBuildConfiguration section */
		2DC5752A1EF1A54E00A1ADCD /* Debug */ = {
			isa = XCBuildConfiguration;
			buildSettings = {
				ALWAYS_SEARCH_USER_PATHS = NO;
				CLANG_ANALYZER_NONNULL = YES;
				CLANG_ANALYZER_NUMBER_OBJECT_CONVERSION = YES_AGGRESSIVE;
				CLANG_CXX_LANGUAGE_STANDARD = "gnu++0x";
				CLANG_CXX_LIBRARY = "libc++";
				CLANG_ENABLE_MODULES = YES;
				CLANG_ENABLE_OBJC_ARC = YES;
				CLANG_WARN_BOOL_CONVERSION = YES;
				CLANG_WARN_CONSTANT_CONVERSION = YES;
				CLANG_WARN_DIRECT_OBJC_ISA_USAGE = YES_ERROR;
				CLANG_WARN_DOCUMENTATION_COMMENTS = YES;
				CLANG_WARN_EMPTY_BODY = YES;
				CLANG_WARN_ENUM_CONVERSION = YES;
				CLANG_WARN_INFINITE_RECURSION = YES;
				CLANG_WARN_INT_CONVERSION = YES;
				CLANG_WARN_OBJC_ROOT_CLASS = YES_ERROR;
				CLANG_WARN_SUSPICIOUS_MOVE = YES;
				CLANG_WARN_UNREACHABLE_CODE = YES;
				CLANG_WARN__DUPLICATE_METHOD_MATCH = YES;
				"CODE_SIGN_IDENTITY[sdk=iphoneos*]" = "iPhone Developer";
				COPY_PHASE_STRIP = NO;
				DEBUG_INFORMATION_FORMAT = dwarf;
				ENABLE_STRICT_OBJC_MSGSEND = YES;
				ENABLE_TESTABILITY = YES;
				GCC_C_LANGUAGE_STANDARD = gnu99;
				GCC_DYNAMIC_NO_PIC = NO;
				GCC_NO_COMMON_BLOCKS = YES;
				GCC_OPTIMIZATION_LEVEL = 0;
				GCC_PREPROCESSOR_DEFINITIONS = (
					"DEBUG=1",
					"$(inherited)",
				);
				GCC_WARN_64_TO_32_BIT_CONVERSION = YES;
				GCC_WARN_ABOUT_RETURN_TYPE = YES_ERROR;
				GCC_WARN_UNDECLARED_SELECTOR = YES;
				GCC_WARN_UNINITIALIZED_AUTOS = YES_AGGRESSIVE;
				GCC_WARN_UNUSED_FUNCTION = YES;
				GCC_WARN_UNUSED_VARIABLE = YES;
				IPHONEOS_DEPLOYMENT_TARGET = 10.3;
				MTL_ENABLE_DEBUG_INFO = YES;
				ONLY_ACTIVE_ARCH = YES;
				SDKROOT = iphoneos;
				SWIFT_ACTIVE_COMPILATION_CONDITIONS = DEBUG;
				SWIFT_OPTIMIZATION_LEVEL = "-Onone";
				TARGETED_DEVICE_FAMILY = "1,2";
			};
			name = Debug;
		};
		2DC5752B1EF1A54E00A1ADCD /* Release */ = {
			isa = XCBuildConfiguration;
			buildSettings = {
				ALWAYS_SEARCH_USER_PATHS = NO;
				CLANG_ANALYZER_NONNULL = YES;
				CLANG_ANALYZER_NUMBER_OBJECT_CONVERSION = YES_AGGRESSIVE;
				CLANG_CXX_LANGUAGE_STANDARD = "gnu++0x";
				CLANG_CXX_LIBRARY = "libc++";
				CLANG_ENABLE_MODULES = YES;
				CLANG_ENABLE_OBJC_ARC = YES;
				CLANG_WARN_BOOL_CONVERSION = YES;
				CLANG_WARN_CONSTANT_CONVERSION = YES;
				CLANG_WARN_DIRECT_OBJC_ISA_USAGE = YES_ERROR;
				CLANG_WARN_DOCUMENTATION_COMMENTS = YES;
				CLANG_WARN_EMPTY_BODY = YES;
				CLANG_WARN_ENUM_CONVERSION = YES;
				CLANG_WARN_INFINITE_RECURSION = YES;
				CLANG_WARN_INT_CONVERSION = YES;
				CLANG_WARN_OBJC_ROOT_CLASS = YES_ERROR;
				CLANG_WARN_SUSPICIOUS_MOVE = YES;
				CLANG_WARN_UNREACHABLE_CODE = YES;
				CLANG_WARN__DUPLICATE_METHOD_MATCH = YES;
				"CODE_SIGN_IDENTITY[sdk=iphoneos*]" = "iPhone Developer";
				COPY_PHASE_STRIP = NO;
				DEBUG_INFORMATION_FORMAT = "dwarf-with-dsym";
				ENABLE_NS_ASSERTIONS = NO;
				ENABLE_STRICT_OBJC_MSGSEND = YES;
				GCC_C_LANGUAGE_STANDARD = gnu99;
				GCC_NO_COMMON_BLOCKS = YES;
				GCC_WARN_64_TO_32_BIT_CONVERSION = YES;
				GCC_WARN_ABOUT_RETURN_TYPE = YES_ERROR;
				GCC_WARN_UNDECLARED_SELECTOR = YES;
				GCC_WARN_UNINITIALIZED_AUTOS = YES_AGGRESSIVE;
				GCC_WARN_UNUSED_FUNCTION = YES;
				GCC_WARN_UNUSED_VARIABLE = YES;
				IPHONEOS_DEPLOYMENT_TARGET = 10.3;
				MTL_ENABLE_DEBUG_INFO = NO;
				SDKROOT = iphoneos;
				SWIFT_OPTIMIZATION_LEVEL = "-Owholemodule";
				TARGETED_DEVICE_FAMILY = "1,2";
				VALIDATE_PRODUCT = YES;
			};
			name = Release;
		};
		2DC5752D1EF1A54E00A1ADCD /* Debug */ = {
			isa = XCBuildConfiguration;
			baseConfigurationReference = DD47DB7CBF8FAA78741BD3C3 /* Pods-firstSocialMediaApp.debug.xcconfig */;
			buildSettings = {
				ASSETCATALOG_COMPILER_APPICON_NAME = AppIcon;
				CODE_SIGN_ENTITLEMENTS = firstSocialMediaApp/firstSocialMediaApp.entitlements;
				DEVELOPMENT_TEAM = 52RFM53WD8;
				INFOPLIST_FILE = firstSocialMediaApp/Info.plist;
				LD_RUNPATH_SEARCH_PATHS = "$(inherited) @executable_path/Frameworks";
				PRODUCT_BUNDLE_IDENTIFIER = com.raphaelreiter.firstSocialMediaApp;
				PRODUCT_NAME = "$(TARGET_NAME)";
				SWIFT_VERSION = 3.0;
			};
			name = Debug;
		};
		2DC5752E1EF1A54E00A1ADCD /* Release */ = {
			isa = XCBuildConfiguration;
			baseConfigurationReference = 59BB9033FDF1EA427731C306 /* Pods-firstSocialMediaApp.release.xcconfig */;
			buildSettings = {
				ASSETCATALOG_COMPILER_APPICON_NAME = AppIcon;
				CODE_SIGN_ENTITLEMENTS = firstSocialMediaApp/firstSocialMediaApp.entitlements;
				DEVELOPMENT_TEAM = 52RFM53WD8;
				INFOPLIST_FILE = firstSocialMediaApp/Info.plist;
				LD_RUNPATH_SEARCH_PATHS = "$(inherited) @executable_path/Frameworks";
				PRODUCT_BUNDLE_IDENTIFIER = com.raphaelreiter.firstSocialMediaApp;
				PRODUCT_NAME = "$(TARGET_NAME)";
				SWIFT_VERSION = 3.0;
			};
			name = Release;
		};
/* End XCBuildConfiguration section */

/* Begin XCConfigurationList section */
		2DC575151EF1A54D00A1ADCD /* Build configuration list for PBXProject "firstSocialMediaApp" */ = {
			isa = XCConfigurationList;
			buildConfigurations = (
				2DC5752A1EF1A54E00A1ADCD /* Debug */,
				2DC5752B1EF1A54E00A1ADCD /* Release */,
			);
			defaultConfigurationIsVisible = 0;
			defaultConfigurationName = Release;
		};
		2DC5752C1EF1A54E00A1ADCD /* Build configuration list for PBXNativeTarget "firstSocialMediaApp" */ = {
			isa = XCConfigurationList;
			buildConfigurations = (
				2DC5752D1EF1A54E00A1ADCD /* Debug */,
				2DC5752E1EF1A54E00A1ADCD /* Release */,
			);
			defaultConfigurationIsVisible = 0;
			defaultConfigurationName = Release;
		};
/* End XCConfigurationList section */
	};
	rootObject = 2DC575121EF1A54D00A1ADCD /* Project object */;
}
